
Microsoft Visual Studio Solution File, Format Version 12.00
# Visual Studio 14
VisualStudioVersion = 14.0.25420.1
MinimumVisualStudioVersion = 10.0.40219.1
Project("{FAE04EC0-301F-11D3-BF4B-00C04F79EFBC}") = "Econtract", "Econtract\Econtract.csproj", "{D56BC047-31F5-4283-AB45-3D4DCEF6DF38}"
EndProject
Project("{2150E333-8FDC-42A3-9474-1A3956D46DE8}") = "Libraries", "Libraries", "{7AF4F75D-A172-4945-8847-751F2FA1531F}"
EndProject
Project("{FAE04EC0-301F-11D3-BF4B-00C04F79EFBC}") = "BLL", "Libraries\BLL\BLL.csproj", "{6F4808EC-ADCD-4746-B503-74514FA5C34E}"
EndProject
Project("{FAE04EC0-301F-11D3-BF4B-00C04F79EFBC}") = "DALFactory", "Libraries\DALFactory\DALFactory.csproj", "{D63F71A3-3A10-4E7D-8B13-C5893FBF61AF}"
EndProject
Project("{FAE04EC0-301F-11D3-BF4B-00C04F79EFBC}") = "DBUtility", "Libraries\DBUtility\DBUtility.csproj", "{936D0D09-F4FE-44CB-B579-5CB76E4AC9D7}"
EndProject
Project("{FAE04EC0-301F-11D3-BF4B-00C04F79EFBC}") = "IDAL", "Libraries\IDAL\IDAL.csproj", "{4BEC7B0D-848E-45EB-BB31-02E3A7C5340F}"
EndProject
Project("{FAE04EC0-301F-11D3-BF4B-00C04F79EFBC}") = "Model", "Libraries\Model\Model.csproj", "{6C3C677C-B7C9-4158-AA13-B3CD5EA22EB1}"
EndProject
Project("{FAE04EC0-301F-11D3-BF4B-00C04F79EFBC}") = "SQLServerDAL", "Libraries\SQLServerDAL\SQLServerDAL.csproj", "{69271EDF-F048-4F42-B764-B31A412D5E5C}"
EndProject
Project("{FAE04EC0-301F-11D3-BF4B-00C04F79EFBC}") = "Utility", "Libraries\Utility\Utility.csproj", "{35BDEB2E-BB33-4D31-A736-864E3038CAEC}"
EndProject
Global
	GlobalSection(SolutionConfigurationPlatforms) = preSolution
		Debug|Any CPU = Debug|Any CPU
		Release|Any CPU = Release|Any CPU
	EndGlobalSection
	GlobalSection(ProjectConfigurationPlatforms) = postSolution
		{D56BC047-31F5-4283-AB45-3D4DCEF6DF38}.Debug|Any CPU.ActiveCfg = Debug|Any CPU
		{D56BC047-31F5-4283-AB45-3D4DCEF6DF38}.Debug|Any CPU.Build.0 = Debug|Any CPU
		{D56BC047-31F5-4283-AB45-3D4DCEF6DF38}.Release|Any CPU.ActiveCfg = Release|Any CPU
		{D56BC047-31F5-4283-AB45-3D4DCEF6DF38}.Release|Any CPU.Build.0 = Release|Any CPU
		{6F4808EC-ADCD-4746-B503-74514FA5C34E}.Debug|Any CPU.ActiveCfg = Debug|Any CPU
		{6F4808EC-ADCD-4746-B503-74514FA5C34E}.Debug|Any CPU.Build.0 = Debug|Any CPU
		{6F4808EC-ADCD-4746-B503-74514FA5C34E}.Release|Any CPU.ActiveCfg = Release|Any CPU
		{6F4808EC-ADCD-4746-B503-74514FA5C34E}.Release|Any CPU.Build.0 = Release|Any CPU
		{D63F71A3-3A10-4E7D-8B13-C5893FBF61AF}.Debug|Any CPU.ActiveCfg = Debug|Any CPU
		{D63F71A3-3A10-4E7D-8B13-C5893FBF61AF}.Debug|Any CPU.Build.0 = Debug|Any CPU
		{D63F71A3-3A10-4E7D-8B13-C5893FBF61AF}.Release|Any CPU.ActiveCfg = Release|Any CPU
		{D63F71A3-3A10-4E7D-8B13-C5893FBF61AF}.Release|Any CPU.Build.0 = Release|Any CPU
		{936D0D09-F4FE-44CB-B579-5CB76E4AC9D7}.Debug|Any CPU.ActiveCfg = Debug|Any CPU
		{936D0D09-F4FE-44CB-B579-5CB76E4AC9D7}.Debug|Any CPU.Build.0 = Debug|Any CPU
		{936D0D09-F4FE-44CB-B579-5CB76E4AC9D7}.Release|Any CPU.ActiveCfg = Release|Any CPU
		{936D0D09-F4FE-44CB-B579-5CB76E4AC9D7}.Release|Any CPU.Build.0 = Release|Any CPU
		{4BEC7B0D-848E-45EB-BB31-02E3A7C5340F}.Debug|Any CPU.ActiveCfg = Debug|Any CPU
		{4BEC7B0D-848E-45EB-BB31-02E3A7C5340F}.Debug|Any CPU.Build.0 = Debug|Any CPU
		{4BEC7B0D-848E-45EB-BB31-02E3A7C5340F}.Release|Any CPU.ActiveCfg = Release|Any CPU
		{4BEC7B0D-848E-45EB-BB31-02E3A7C5340F}.Release|Any CPU.Build.0 = Release|Any CPU
		{6C3C677C-B7C9-4158-AA13-B3CD5EA22EB1}.Debug|Any CPU.ActiveCfg = Debug|Any CPU
		{6C3C677C-B7C9-4158-AA13-B3CD5EA22EB1}.Debug|Any CPU.Build.0 = Debug|Any CPU
		{6C3C677C-B7C9-4158-AA13-B3CD5EA22EB1}.Release|Any CPU.ActiveCfg = Release|Any CPU
		{6C3C677C-B7C9-4158-AA13-B3CD5EA22EB1}.Release|Any CPU.Build.0 = Release|Any CPU
		{69271EDF-F048-4F42-B764-B31A412D5E5C}.Debug|Any CPU.ActiveCfg = Debug|Any CPU
		{69271EDF-F048-4F42-B764-B31A412D5E5C}.Debug|Any CPU.Build.0 = Debug|Any CPU
		{69271EDF-F048-4F42-B764-B31A412D5E5C}.Release|Any CPU.ActiveCfg = Release|Any CPU
		{69271EDF-F048-4F42-B764-B31A412D5E5C}.Release|Any CPU.Build.0 = Release|Any CPU
		{35BDEB2E-BB33-4D31-A736-864E3038CAEC}.Debug|Any CPU.ActiveCfg = Debug|Any CPU
		{35BDEB2E-BB33-4D31-A736-864E3038CAEC}.Debug|Any CPU.Build.0 = Debug|Any CPU
		{35BDEB2E-BB33-4D31-A736-864E3038CAEC}.Release|Any CPU.ActiveCfg = Release|Any CPU
		{35BDEB2E-BB33-4D31-A736-864E3038CAEC}.Release|Any CPU.Build.0 = Release|Any CPU
	EndGlobalSection
	GlobalSection(SolutionProperties) = preSolution
		HideSolutionNode = FALSE
	EndGlobalSection
	GlobalSection(NestedProjects) = preSolution
		{6F4808EC-ADCD-4746-B503-74514FA5C34E} = {7AF4F75D-A172-4945-8847-751F2FA1531F}
		{D63F71A3-3A10-4E7D-8B13-C5893FBF61AF} = {7AF4F75D-A172-4945-8847-751F2FA1531F}
		{936D0D09-F4FE-44CB-B579-5CB76E4AC9D7} = {7AF4F75D-A172-4945-8847-751F2FA1531F}
		{4BEC7B0D-848E-45EB-BB31-02E3A7C5340F} = {7AF4F75D-A172-4945-8847-751F2FA1531F}
		{6C3C677C-B7C9-4158-AA13-B3CD5EA22EB1} = {7AF4F75D-A172-4945-8847-751F2FA1531F}
		{69271EDF-F048-4F42-B764-B31A412D5E5C} = {7AF4F75D-A172-4945-8847-751F2FA1531F}
		{35BDEB2E-BB33-4D31-A736-864E3038CAEC} = {7AF4F75D-A172-4945-8847-751F2FA1531F}
	EndGlobalSection
EndGlobal
